
Microsoft Visual Studio Solution File, Format Version 12.00
# Visual Studio Version 17
VisualStudioVersion = 17.2.32519.379
MinimumVisualStudioVersion = 10.0.40219.1
Project("{8BC9CEB8-8B4A-11D0-8D11-00A0C91BC942}") = "DataStructuresExercises", "DataStructuresExercises\DataStructuresExercises.vcxproj", "{9D52F243-1C6F-40EB-9EA8-D3511F820F29}"
EndProject
Global
	GlobalSection(SolutionConfigurationPlatforms) = preSolution
		Debug|x64 = Debug|x64
		Debug|x86 = Debug|x86
		Release|x64 = Release|x64
		Release|x86 = Release|x86
	EndGlobalSection
	GlobalSection(ProjectConfigurationPlatforms) = postSolution
		{9D52F243-1C6F-40EB-9EA8-D3511F820F29}.Debug|x64.ActiveCfg = Debug|x64
		{9D52F243-1C6F-40EB-9EA8-D3511F820F29}.Debug|x64.Build.0 = Debug|x64
		{9D52F243-1C6F-40EB-9EA8-D3511F820F29}.Debug|x86.ActiveCfg = Debug|Win32
		{9D52F243-1C6F-40EB-9EA8-D3511F820F29}.Debug|x86.Build.0 = Debug|Win32
		{9D52F243-1C6F-40EB-9EA8-D3511F820F29}.Release|x64.ActiveCfg = Release|x64
		{9D52F243-1C6F-40EB-9EA8-D3511F820F29}.Release|x64.Build.0 = Release|x64
		{9D52F243-1C6F-40EB-9EA8-D3511F820F29}.Release|x86.ActiveCfg = Release|Win32
		{9D52F243-1C6F-40EB-9EA8-D3511F820F29}.Release|x86.Build.0 = Release|Win32
	EndGlobalSection
	GlobalSection(SolutionProperties) = preSolution
		HideSolutionNode = FALSE
	EndGlobalSection
	GlobalSection(ExtensibilityGlobals) = postSolution
		SolutionGuid = {43D68182-E0BD-4FD9-A5C1-5B384E80650B}
	EndGlobalSection
EndGlobal
